
Microsoft Visual Studio Solution File, Format Version 12.00
# Visual Studio Version 17
VisualStudioVersion = 17.0.31903.59
MinimumVisualStudioVersion = 10.0.40219.1
Project("{2150E333-8FDC-42A3-9474-1A3956D46DE8}") = "Lesson1", "Lesson1", "{FA1D5956-0C26-B055-4475-331A4996DC40}"
EndProject
Project("{FAE04EC0-301F-11D3-BF4B-00C04F79EFBC}") = "Ship", "Lesson1\Ship\Ship.csproj", "{F9B548BA-908A-4359-A023-5F71EA6986C6}"
EndProject
Project("{2150E333-8FDC-42A3-9474-1A3956D46DE8}") = "Lesson2", "Lesson2", "{784A0239-25E1-C5D2-DD56-B1AC34627499}"
EndProject
Project("{FAE04EC0-301F-11D3-BF4B-00C04F79EFBC}") = "Castle", "Lesson2\Castle\Castle.csproj", "{337A525C-2CCB-4358-B75B-B94F2F33D9A5}"
EndProject
Project("{2150E333-8FDC-42A3-9474-1A3956D46DE8}") = "Lesson3", "Lesson3", "{6546A3BD-D731-A31E-D971-B1179B3C7558}"
EndProject
Project("{FAE04EC0-301F-11D3-BF4B-00C04F79EFBC}") = "Submarine", "Lesson3\Submarine\Submarine.csproj", "{1657AD35-E3DF-476D-B834-507791542849}"
EndProject
Project("{2150E333-8FDC-42A3-9474-1A3956D46DE8}") = "Lesson5", "Lesson5", "{731E5F63-576B-565D-9A3D-CA1DF0698567}"
EndProject
Project("{FAE04EC0-301F-11D3-BF4B-00C04F79EFBC}") = "Factory", "Lesson5\Factory\Factory.csproj", "{AC74B940-F2C5-44F7-A227-0E535C05D30E}"
EndProject
Global
	GlobalSection(SolutionConfigurationPlatforms) = preSolution
		Debug|Any CPU = Debug|Any CPU
		Debug|x64 = Debug|x64
		Debug|x86 = Debug|x86
		Release|Any CPU = Release|Any CPU
		Release|x64 = Release|x64
		Release|x86 = Release|x86
	EndGlobalSection
	GlobalSection(ProjectConfigurationPlatforms) = postSolution
		{F9B548BA-908A-4359-A023-5F71EA6986C6}.Debug|Any CPU.ActiveCfg = Debug|Any CPU
		{F9B548BA-908A-4359-A023-5F71EA6986C6}.Debug|Any CPU.Build.0 = Debug|Any CPU
		{F9B548BA-908A-4359-A023-5F71EA6986C6}.Debug|x64.ActiveCfg = Debug|Any CPU
		{F9B548BA-908A-4359-A023-5F71EA6986C6}.Debug|x64.Build.0 = Debug|Any CPU
		{F9B548BA-908A-4359-A023-5F71EA6986C6}.Debug|x86.ActiveCfg = Debug|Any CPU
		{F9B548BA-908A-4359-A023-5F71EA6986C6}.Debug|x86.Build.0 = Debug|Any CPU
		{F9B548BA-908A-4359-A023-5F71EA6986C6}.Release|Any CPU.ActiveCfg = Release|Any CPU
		{F9B548BA-908A-4359-A023-5F71EA6986C6}.Release|Any CPU.Build.0 = Release|Any CPU
		{F9B548BA-908A-4359-A023-5F71EA6986C6}.Release|x64.ActiveCfg = Release|Any CPU
		{F9B548BA-908A-4359-A023-5F71EA6986C6}.Release|x64.Build.0 = Release|Any CPU
		{F9B548BA-908A-4359-A023-5F71EA6986C6}.Release|x86.ActiveCfg = Release|Any CPU
		{F9B548BA-908A-4359-A023-5F71EA6986C6}.Release|x86.Build.0 = Release|Any CPU
		{337A525C-2CCB-4358-B75B-B94F2F33D9A5}.Debug|Any CPU.ActiveCfg = Debug|Any CPU
		{337A525C-2CCB-4358-B75B-B94F2F33D9A5}.Debug|Any CPU.Build.0 = Debug|Any CPU
		{337A525C-2CCB-4358-B75B-B94F2F33D9A5}.Debug|x64.ActiveCfg = Debug|Any CPU
		{337A525C-2CCB-4358-B75B-B94F2F33D9A5}.Debug|x64.Build.0 = Debug|Any CPU
		{337A525C-2CCB-4358-B75B-B94F2F33D9A5}.Debug|x86.ActiveCfg = Debug|Any CPU
		{337A525C-2CCB-4358-B75B-B94F2F33D9A5}.Debug|x86.Build.0 = Debug|Any CPU
		{337A525C-2CCB-4358-B75B-B94F2F33D9A5}.Release|Any CPU.ActiveCfg = Release|Any CPU
		{337A525C-2CCB-4358-B75B-B94F2F33D9A5}.Release|Any CPU.Build.0 = Release|Any CPU
		{337A525C-2CCB-4358-B75B-B94F2F33D9A5}.Release|x64.ActiveCfg = Release|Any CPU
		{337A525C-2CCB-4358-B75B-B94F2F33D9A5}.Release|x64.Build.0 = Release|Any CPU
		{337A525C-2CCB-4358-B75B-B94F2F33D9A5}.Release|x86.ActiveCfg = Release|Any CPU
		{337A525C-2CCB-4358-B75B-B94F2F33D9A5}.Release|x86.Build.0 = Release|Any CPU
		{1657AD35-E3DF-476D-B834-507791542849}.Debug|Any CPU.ActiveCfg = Debug|Any CPU
		{1657AD35-E3DF-476D-B834-507791542849}.Debug|Any CPU.Build.0 = Debug|Any CPU
		{1657AD35-E3DF-476D-B834-507791542849}.Debug|x64.ActiveCfg = Debug|Any CPU
		{1657AD35-E3DF-476D-B834-507791542849}.Debug|x64.Build.0 = Debug|Any CPU
		{1657AD35-E3DF-476D-B834-507791542849}.Debug|x86.ActiveCfg = Debug|Any CPU
		{1657AD35-E3DF-476D-B834-507791542849}.Debug|x86.Build.0 = Debug|Any CPU
		{1657AD35-E3DF-476D-B834-507791542849}.Release|Any CPU.ActiveCfg = Release|Any CPU
		{1657AD35-E3DF-476D-B834-507791542849}.Release|Any CPU.Build.0 = Release|Any CPU
		{1657AD35-E3DF-476D-B834-507791542849}.Release|x64.ActiveCfg = Release|Any CPU
		{1657AD35-E3DF-476D-B834-507791542849}.Release|x64.Build.0 = Release|Any CPU
		{1657AD35-E3DF-476D-B834-507791542849}.Release|x86.ActiveCfg = Release|Any CPU
		{1657AD35-E3DF-476D-B834-507791542849}.Release|x86.Build.0 = Release|Any CPU
		{AC74B940-F2C5-44F7-A227-0E535C05D30E}.Debug|Any CPU.ActiveCfg = Debug|Any CPU
		{AC74B940-F2C5-44F7-A227-0E535C05D30E}.Debug|Any CPU.Build.0 = Debug|Any CPU
		{AC74B940-F2C5-44F7-A227-0E535C05D30E}.Debug|x64.ActiveCfg = Debug|Any CPU
		{AC74B940-F2C5-44F7-A227-0E535C05D30E}.Debug|x64.Build.0 = Debug|Any CPU
		{AC74B940-F2C5-44F7-A227-0E535C05D30E}.Debug|x86.ActiveCfg = Debug|Any CPU
		{AC74B940-F2C5-44F7-A227-0E535C05D30E}.Debug|x86.Build.0 = Debug|Any CPU
		{AC74B940-F2C5-44F7-A227-0E535C05D30E}.Release|Any CPU.ActiveCfg = Release|Any CPU
		{AC74B940-F2C5-44F7-A227-0E535C05D30E}.Release|Any CPU.Build.0 = Release|Any CPU
		{AC74B940-F2C5-44F7-A227-0E535C05D30E}.Release|x64.ActiveCfg = Release|Any CPU
		{AC74B940-F2C5-44F7-A227-0E535C05D30E}.Release|x64.Build.0 = Release|Any CPU
		{AC74B940-F2C5-44F7-A227-0E535C05D30E}.Release|x86.ActiveCfg = Release|Any CPU
		{AC74B940-F2C5-44F7-A227-0E535C05D30E}.Release|x86.Build.0 = Release|Any CPU
	EndGlobalSection
	GlobalSection(SolutionProperties) = preSolution
		HideSolutionNode = FALSE
	EndGlobalSection
	GlobalSection(NestedProjects) = preSolution
		{F9B548BA-908A-4359-A023-5F71EA6986C6} = {FA1D5956-0C26-B055-4475-331A4996DC40}
		{337A525C-2CCB-4358-B75B-B94F2F33D9A5} = {784A0239-25E1-C5D2-DD56-B1AC34627499}
		{1657AD35-E3DF-476D-B834-507791542849} = {6546A3BD-D731-A31E-D971-B1179B3C7558}
		{AC74B940-F2C5-44F7-A227-0E535C05D30E} = {731E5F63-576B-565D-9A3D-CA1DF0698567}
	EndGlobalSection
EndGlobal
